
Microsoft Visual Studio Solution File, Format Version 12.00
# Visual Studio Version 17
VisualStudioVersion = 17.10.35004.147
MinimumVisualStudioVersion = 10.0.40219.1
Project("{9A19103F-16F7-4668-BE54-9A1E7A4F7556}") = "HotelReservationSystem", "Albergo\HotelReservationSystem.csproj", "{F7714DFB-8B33-410A-AF92-CF5E7A639322}"
EndProject
Global
	GlobalSection(SolutionConfigurationPlatforms) = preSolution
		Debug|Any CPU = Debug|Any CPU
		Release|Any CPU = Release|Any CPU
	EndGlobalSection
	GlobalSection(ProjectConfigurationPlatforms) = postSolution
		{F7714DFB-8B33-410A-AF92-CF5E7A639322}.Debug|Any CPU.ActiveCfg = Debug|Any CPU
		{F7714DFB-8B33-410A-AF92-CF5E7A639322}.Debug|Any CPU.Build.0 = Debug|Any CPU
		{F7714DFB-8B33-410A-AF92-CF5E7A639322}.Release|Any CPU.ActiveCfg = Release|Any CPU
		{F7714DFB-8B33-410A-AF92-CF5E7A639322}.Release|Any CPU.Build.0 = Release|Any CPU
	EndGlobalSection
	GlobalSection(SolutionProperties) = preSolution
		HideSolutionNode = FALSE
	EndGlobalSection
	GlobalSection(ExtensibilityGlobals) = postSolution
		SolutionGuid = {3511A8D1-EE03-44D9-AF78-1B9162576C55}
	EndGlobalSection
EndGlobal
